
Microsoft Visual Studio Solution File, Format Version 12.00
Project("{FAE04EC0-301F-11D3-BF4B-00C04F79EFBC}") = "Nuages.PubSub.WebSocket.Application", "Nuages.PubSub.WebSocket.Application\Nuages.PubSub.WebSocket.Application.csproj", "{113A1ED3-E35B-44E8-9D28-DFEC19280D58}"
EndProject
Project("{FAE04EC0-301F-11D3-BF4B-00C04F79EFBC}") = "Nuages.PubSub.Samples.Console", "Nuages.PubSub.Samples.Console\Nuages.PubSub.Samples.Console.csproj", "{90032C05-C7FF-4AD6-B7D5-1CF271AD9A29}"
EndProject
Project("{2150E333-8FDC-42A3-9474-1A3956D46DE8}") = "Samples", "Samples", "{E97A975A-2951-452E-8080-891F5D6D9347}"
EndProject
Project("{FAE04EC0-301F-11D3-BF4B-00C04F79EFBC}") = "Nuages.PubSub.WebSocket", "Nuages.PubSub.WebSocket\Nuages.PubSub.WebSocket.csproj", "{71D52B82-5113-46EF-A8BA-64FE0B8A6ECC}"
EndProject
Project("{FAE04EC0-301F-11D3-BF4B-00C04F79EFBC}") = "Nuages.PubSub.Storage.Mongo", "Nuages.PubSub.Storage.Mongo\Nuages.PubSub.Storage.Mongo.csproj", "{B13D2D4B-4BA4-43B0-95FB-BBEE1052531C}"
EndProject
Project("{FAE04EC0-301F-11D3-BF4B-00C04F79EFBC}") = "Nuages.PubSub.Services", "Nuages.PubSub.Services\Nuages.PubSub.Services.csproj", "{61122EDB-AFF1-4A5B-A952-E895EEE86389}"
EndProject
Project("{FAE04EC0-301F-11D3-BF4B-00C04F79EFBC}") = "Nuages.PubSub.API", "Nuages.PubSub.API\Nuages.PubSub.API.csproj", "{2DEC1481-B2AB-47CF-8DF0-B34F4453401E}"
EndProject
Project("{2150E333-8FDC-42A3-9474-1A3956D46DE8}") = "Storage", "Storage", "{A0AB3C7E-15A9-4DEC-BCEF-0D2720BECE61}"
EndProject
Project("{2150E333-8FDC-42A3-9474-1A3956D46DE8}") = "API", "API", "{8A62334C-91C1-4EA7-A116-E5654DE3742F}"
EndProject
Project("{FAE04EC0-301F-11D3-BF4B-00C04F79EFBC}") = "Nuages.PubSub.API.Sdk", "Nuages.PubSub.API.Sdk\Nuages.PubSub.API.Sdk.csproj", "{A18BE331-8478-4DF3-A251-D4C30CF56416}"
EndProject
Project("{2150E333-8FDC-42A3-9474-1A3956D46DE8}") = "Services", "Services", "{5F8FC58F-1215-4549-ACFC-BF4CFBC0ABA3}"
EndProject
Project("{FAE04EC0-301F-11D3-BF4B-00C04F79EFBC}") = "Nuages.PubSub.Storage.Mongo.Tests", "Nuages.PubSub.Storage.Mongo.Tests\Nuages.PubSub.Storage.Mongo.Tests.csproj", "{5A95434B-C03C-4C61-9B80-5D30EDEDC63B}"
EndProject
Project("{FAE04EC0-301F-11D3-BF4B-00C04F79EFBC}") = "Nuages.PubSub.Services.Tests", "Nuages.PubSub.Services.Tests\Nuages.PubSub.Services.Tests.csproj", "{95875A83-3EB7-480D-88CD-B7B08102A2CE}"
EndProject
Project("{FAE04EC0-301F-11D3-BF4B-00C04F79EFBC}") = "Nuages.PubSub.WebSocket.Tests", "Nuages.PubSub.WebSocket.Tests\Nuages.PubSub.WebSocket.Tests.csproj", "{5DF8F8E4-2E95-42DE-AC98-D29699A942F6}"
EndProject
Global
	GlobalSection(SolutionConfigurationPlatforms) = preSolution
		Debug|Any CPU = Debug|Any CPU
		Release|Any CPU = Release|Any CPU
	EndGlobalSection
	GlobalSection(ProjectConfigurationPlatforms) = postSolution
		{113A1ED3-E35B-44E8-9D28-DFEC19280D58}.Debug|Any CPU.ActiveCfg = Debug|Any CPU
		{113A1ED3-E35B-44E8-9D28-DFEC19280D58}.Debug|Any CPU.Build.0 = Debug|Any CPU
		{113A1ED3-E35B-44E8-9D28-DFEC19280D58}.Release|Any CPU.ActiveCfg = Release|Any CPU
		{113A1ED3-E35B-44E8-9D28-DFEC19280D58}.Release|Any CPU.Build.0 = Release|Any CPU
		{90032C05-C7FF-4AD6-B7D5-1CF271AD9A29}.Debug|Any CPU.ActiveCfg = Debug|Any CPU
		{90032C05-C7FF-4AD6-B7D5-1CF271AD9A29}.Debug|Any CPU.Build.0 = Debug|Any CPU
		{90032C05-C7FF-4AD6-B7D5-1CF271AD9A29}.Release|Any CPU.ActiveCfg = Release|Any CPU
		{90032C05-C7FF-4AD6-B7D5-1CF271AD9A29}.Release|Any CPU.Build.0 = Release|Any CPU
		{71D52B82-5113-46EF-A8BA-64FE0B8A6ECC}.Debug|Any CPU.ActiveCfg = Debug|Any CPU
		{71D52B82-5113-46EF-A8BA-64FE0B8A6ECC}.Debug|Any CPU.Build.0 = Debug|Any CPU
		{71D52B82-5113-46EF-A8BA-64FE0B8A6ECC}.Release|Any CPU.ActiveCfg = Release|Any CPU
		{71D52B82-5113-46EF-A8BA-64FE0B8A6ECC}.Release|Any CPU.Build.0 = Release|Any CPU
		{B13D2D4B-4BA4-43B0-95FB-BBEE1052531C}.Debug|Any CPU.ActiveCfg = Debug|Any CPU
		{B13D2D4B-4BA4-43B0-95FB-BBEE1052531C}.Debug|Any CPU.Build.0 = Debug|Any CPU
		{B13D2D4B-4BA4-43B0-95FB-BBEE1052531C}.Release|Any CPU.ActiveCfg = Release|Any CPU
		{B13D2D4B-4BA4-43B0-95FB-BBEE1052531C}.Release|Any CPU.Build.0 = Release|Any CPU
		{61122EDB-AFF1-4A5B-A952-E895EEE86389}.Debug|Any CPU.ActiveCfg = Debug|Any CPU
		{61122EDB-AFF1-4A5B-A952-E895EEE86389}.Debug|Any CPU.Build.0 = Debug|Any CPU
		{61122EDB-AFF1-4A5B-A952-E895EEE86389}.Release|Any CPU.ActiveCfg = Release|Any CPU
		{61122EDB-AFF1-4A5B-A952-E895EEE86389}.Release|Any CPU.Build.0 = Release|Any CPU
		{2DEC1481-B2AB-47CF-8DF0-B34F4453401E}.Debug|Any CPU.ActiveCfg = Debug|Any CPU
		{2DEC1481-B2AB-47CF-8DF0-B34F4453401E}.Debug|Any CPU.Build.0 = Debug|Any CPU
		{2DEC1481-B2AB-47CF-8DF0-B34F4453401E}.Release|Any CPU.ActiveCfg = Release|Any CPU
		{2DEC1481-B2AB-47CF-8DF0-B34F4453401E}.Release|Any CPU.Build.0 = Release|Any CPU
		{A18BE331-8478-4DF3-A251-D4C30CF56416}.Debug|Any CPU.ActiveCfg = Debug|Any CPU
		{A18BE331-8478-4DF3-A251-D4C30CF56416}.Debug|Any CPU.Build.0 = Debug|Any CPU
		{A18BE331-8478-4DF3-A251-D4C30CF56416}.Release|Any CPU.ActiveCfg = Release|Any CPU
		{A18BE331-8478-4DF3-A251-D4C30CF56416}.Release|Any CPU.Build.0 = Release|Any CPU
		{5A95434B-C03C-4C61-9B80-5D30EDEDC63B}.Debug|Any CPU.ActiveCfg = Debug|Any CPU
		{5A95434B-C03C-4C61-9B80-5D30EDEDC63B}.Debug|Any CPU.Build.0 = Debug|Any CPU
		{5A95434B-C03C-4C61-9B80-5D30EDEDC63B}.Release|Any CPU.ActiveCfg = Release|Any CPU
		{5A95434B-C03C-4C61-9B80-5D30EDEDC63B}.Release|Any CPU.Build.0 = Release|Any CPU
		{95875A83-3EB7-480D-88CD-B7B08102A2CE}.Debug|Any CPU.ActiveCfg = Debug|Any CPU
		{95875A83-3EB7-480D-88CD-B7B08102A2CE}.Debug|Any CPU.Build.0 = Debug|Any CPU
		{95875A83-3EB7-480D-88CD-B7B08102A2CE}.Release|Any CPU.ActiveCfg = Release|Any CPU
		{95875A83-3EB7-480D-88CD-B7B08102A2CE}.Release|Any CPU.Build.0 = Release|Any CPU
		{5DF8F8E4-2E95-42DE-AC98-D29699A942F6}.Debug|Any CPU.ActiveCfg = Debug|Any CPU
		{5DF8F8E4-2E95-42DE-AC98-D29699A942F6}.Debug|Any CPU.Build.0 = Debug|Any CPU
		{5DF8F8E4-2E95-42DE-AC98-D29699A942F6}.Release|Any CPU.ActiveCfg = Release|Any CPU
		{5DF8F8E4-2E95-42DE-AC98-D29699A942F6}.Release|Any CPU.Build.0 = Release|Any CPU
	EndGlobalSection
	GlobalSection(NestedProjects) = preSolution
		{90032C05-C7FF-4AD6-B7D5-1CF271AD9A29} = {E97A975A-2951-452E-8080-891F5D6D9347}
		{2DEC1481-B2AB-47CF-8DF0-B34F4453401E} = {8A62334C-91C1-4EA7-A116-E5654DE3742F}
		{B13D2D4B-4BA4-43B0-95FB-BBEE1052531C} = {A0AB3C7E-15A9-4DEC-BCEF-0D2720BECE61}
		{A18BE331-8478-4DF3-A251-D4C30CF56416} = {8A62334C-91C1-4EA7-A116-E5654DE3742F}
		{61122EDB-AFF1-4A5B-A952-E895EEE86389} = {5F8FC58F-1215-4549-ACFC-BF4CFBC0ABA3}
		{5A95434B-C03C-4C61-9B80-5D30EDEDC63B} = {A0AB3C7E-15A9-4DEC-BCEF-0D2720BECE61}
		{95875A83-3EB7-480D-88CD-B7B08102A2CE} = {5F8FC58F-1215-4549-ACFC-BF4CFBC0ABA3}
		{113A1ED3-E35B-44E8-9D28-DFEC19280D58} = {E97A975A-2951-452E-8080-891F5D6D9347}
	EndGlobalSection
EndGlobal
