
Microsoft Visual Studio Solution File, Format Version 12.00
Project("{FAE04EC0-301F-11D3-BF4B-00C04F79EFBC}") = "Nuages.PubSub.WebSocket.Endpoints", "Nuages.PubSub.WebSocket.Endpoints\Nuages.PubSub.WebSocket.Endpoints.csproj", "{71D52B82-5113-46EF-A8BA-64FE0B8A6ECC}"
EndProject
Project("{FAE04EC0-301F-11D3-BF4B-00C04F79EFBC}") = "Nuages.PubSub.Storage.Mongo", "Nuages.PubSub.Storage.Mongo\Nuages.PubSub.Storage.Mongo.csproj", "{B13D2D4B-4BA4-43B0-95FB-BBEE1052531C}"
EndProject
Project("{FAE04EC0-301F-11D3-BF4B-00C04F79EFBC}") = "Nuages.PubSub.Services", "Nuages.PubSub.Services\Nuages.PubSub.Services.csproj", "{61122EDB-AFF1-4A5B-A952-E895EEE86389}"
EndProject
Project("{2150E333-8FDC-42A3-9474-1A3956D46DE8}") = "Storage", "Storage", "{A0AB3C7E-15A9-4DEC-BCEF-0D2720BECE61}"
EndProject
Project("{2150E333-8FDC-42A3-9474-1A3956D46DE8}") = "Services", "Services", "{5F8FC58F-1215-4549-ACFC-BF4CFBC0ABA3}"
EndProject
Project("{FAE04EC0-301F-11D3-BF4B-00C04F79EFBC}") = "Nuages.PubSub.Storage.Mongo.Tests", "Nuages.PubSub.Storage.Mongo.Tests\Nuages.PubSub.Storage.Mongo.Tests.csproj", "{5A95434B-C03C-4C61-9B80-5D30EDEDC63B}"
EndProject
Project("{FAE04EC0-301F-11D3-BF4B-00C04F79EFBC}") = "Nuages.PubSub.Services.Tests", "Nuages.PubSub.Services.Tests\Nuages.PubSub.Services.Tests.csproj", "{95875A83-3EB7-480D-88CD-B7B08102A2CE}"
EndProject
Project("{FAE04EC0-301F-11D3-BF4B-00C04F79EFBC}") = "Nuages.PubSub.WebSocket.Endpoints.Tests", "Nuages.PubSub.WebSocket.Endpoints.Tests\Nuages.PubSub.WebSocket.Endpoints.Tests.csproj", "{5DF8F8E4-2E95-42DE-AC98-D29699A942F6}"
EndProject
Project("{FAE04EC0-301F-11D3-BF4B-00C04F79EFBC}") = "Nuages.PubSub.Storage.DynamoDb", "Nuages.PubSub.Storage.DynamoDb\Nuages.PubSub.Storage.DynamoDb.csproj", "{F4413E7A-9225-4D7E-9242-1E28432635B9}"
EndProject
Project("{FAE04EC0-301F-11D3-BF4B-00C04F79EFBC}") = "Nuages.PubSub.Storage.DynamoDb.Tests", "Nuages.PubSub.Storage.DynamoDb.Tests\Nuages.PubSub.Storage.DynamoDb.Tests.csproj", "{505B99E3-BC2B-4A39-97CE-62510615954D}"
EndProject
Project("{FAE04EC0-301F-11D3-BF4B-00C04F79EFBC}") = "Nuages.PubSub.WebSocket.API", "Nuages.PubSub.WebSocket.API\Nuages.PubSub.WebSocket.API.csproj", "{136AA1C6-86A2-4FDC-85A7-DFF07CB3C7E9}"
EndProject
Project("{FAE04EC0-301F-11D3-BF4B-00C04F79EFBC}") = "Nuages.PubSub.Cdk.Deploy", "Nuages.PubSub.Cdk.Deploy\Nuages.PubSub.Cdk.Deploy.csproj", "{276C0749-02AC-4FDD-8617-633A8807E1FB}"
EndProject
Project("{FAE04EC0-301F-11D3-BF4B-00C04F79EFBC}") = "Nuages.PubSub.API", "Nuages.PubSub.API\Nuages.PubSub.API.csproj", "{31148DEB-5326-47F2-BFFD-C4E6CC64418E}"
EndProject
Project("{FAE04EC0-301F-11D3-BF4B-00C04F79EFBC}") = "Nuages.PubSub.API.Sdk", "Nuages.PubSub.API.Sdk\Nuages.PubSub.API.Sdk.csproj", "{D73B154E-4E33-4559-875B-E8A5D72A4CC3}"
EndProject
Project("{FAE04EC0-301F-11D3-BF4B-00C04F79EFBC}") = "Nuages.PubSub.Cdk", "Nuages.PubSub.Cdk\Nuages.PubSub.Cdk.csproj", "{C3691FF2-C35B-4566-98AD-8F9A600D2EAD}"
EndProject
Project("{2150E333-8FDC-42A3-9474-1A3956D46DE8}") = ".CDK", ".CDK", "{0B49A1C7-30FE-49E1-A4C6-FDD645EBB0CF}"
	ProjectSection(SolutionItems) = preProject
		build.sh = ../build.sh
		cdk.json = ../cdk.json
	EndProjectSection
EndProject
Project("{FAE04EC0-301F-11D3-BF4B-00C04F79EFBC}") = "Nuages.PubSub.API.Endpoints", "Nuages.PubSub.API.Endpoints\Nuages.PubSub.API.Endpoints.csproj", "{F2AA5B71-79A4-4807-8E25-02ECE28FCDF3}"
EndProject
Project("{FAE04EC0-301F-11D3-BF4B-00C04F79EFBC}") = "Nuages.PubSub.API.Sdk.Tests", "Nuages.PubSub.API.Sdk.Tests\Nuages.PubSub.API.Sdk.Tests.csproj", "{7614C86E-6CEC-42DF-9CD3-43C006050183}"
EndProject
Project("{2150E333-8FDC-42A3-9474-1A3956D46DE8}") = "API", "API", "{6C86B919-4480-4403-BB2B-00C0E1D36A78}"
EndProject
Project("{2150E333-8FDC-42A3-9474-1A3956D46DE8}") = "WebSocket", "WebSocket", "{6B4CBFA5-AFAC-4B5A-85C2-6F1A576F0F12}"
EndProject
Project("{FAE04EC0-301F-11D3-BF4B-00C04F79EFBC}") = "Nuages.PubSub.Storage.EntityFramework", "Nuages.PubSub.Storage.EntityFramework\Nuages.PubSub.Storage.EntityFramework.csproj", "{523B5522-C121-4810-A30F-801C7B53E1B3}"
EndProject
Project("{FAE04EC0-301F-11D3-BF4B-00C04F79EFBC}") = "Nuages.PubSub.Storage.EntityFramework.InMemory.Tests", "Nuages.PubSub.Storage.EntityFramework.InMemory.Tests\Nuages.PubSub.Storage.EntityFramework.InMemory.Tests.csproj", "{E485F8C5-C655-4F3E-BEE1-A04F7CD6D038}"
EndProject
Project("{FAE04EC0-301F-11D3-BF4B-00C04F79EFBC}") = "Nuages.PubSub.Services.Mongo.Tests", "Nuages.PubSub.Services.Mongo.Tests\Nuages.PubSub.Services.Mongo.Tests.csproj", "{939A0D45-5F64-4342-AE37-90269710FB82}"
EndProject
Project("{FAE04EC0-301F-11D3-BF4B-00C04F79EFBC}") = "Nuages.PubSub.Storage.EntityFramework.MySql", "Nuages.PubSub.Storage.EntityFramework.MySql\Nuages.PubSub.Storage.EntityFramework.MySql.csproj", "{76F93A04-B450-475F-B8FD-27759D81B503}"
EndProject
Project("{FAE04EC0-301F-11D3-BF4B-00C04F79EFBC}") = "Nuages.PubSub.Storage.EntityFramework.SqlServer", "Nuages.PubSub.Storage.EntityFramework.SqlServer\Nuages.PubSub.Storage.EntityFramework.SqlServer.csproj", "{9A3865AA-CB39-4DEB-8E9F-A55485F229FA}"
EndProject
Project("{FAE04EC0-301F-11D3-BF4B-00C04F79EFBC}") = "Nuages.PubSub.Storage.EntityFramework.MySql.Tests", "Nuages.PubSub.Storage.EntityFramework.MySql.Tests\Nuages.PubSub.Storage.EntityFramework.MySql.Tests.csproj", "{EAA67DCF-F537-4587-ADC5-84E2012A5336}"
EndProject
Project("{FAE04EC0-301F-11D3-BF4B-00C04F79EFBC}") = "Nuages.PubSub.Storage.EntityFramework.SqlServer.Tests", "Nuages.PubSub.Storage.EntityFramework.SqlServer.Tests\Nuages.PubSub.Storage.EntityFramework.SqlServer.Tests.csproj", "{9C0AFA8B-4799-4A17-AAD7-CD3D1480611C}"
EndProject
Project("{FAE04EC0-301F-11D3-BF4B-00C04F79EFBC}") = "Nuages.PubSub.Services.EntityFramework.MySql.Tests", "Nuages.PubSub.Services.EntityFramework.MySql.Tests\Nuages.PubSub.Services.EntityFramework.MySql.Tests.csproj", "{4800565E-6320-42FA-B01F-F50C2CEA6B46}"
EndProject
Project("{FAE04EC0-301F-11D3-BF4B-00C04F79EFBC}") = "Nuages.PubSub.Storage.Tests", "Nuages.PubSub.Storage.Tests\Nuages.PubSub.Storage.Tests.csproj", "{904C0FCD-9579-4D87-BE1F-D0AD0F9D2FD6}"
EndProject
Project("{FAE04EC0-301F-11D3-BF4B-00C04F79EFBC}") = "Nuages.PubSub.Storage", "Nuages.PubSub.Storage\Nuages.PubSub.Storage.csproj", "{7FE78D00-E589-40EB-B2A3-D28D314F4ED8}"
EndProject
Project("{FAE04EC0-301F-11D3-BF4B-00C04F79EFBC}") = "Nuages.PubSub.Services.EntityFramework.SqlServer.Tests", "Nuages.PubSub.Services.EntityFramework.SqlServer.Tests\Nuages.PubSub.Services.EntityFramework.SqlServer.Tests.csproj", "{E22B4E9B-D89D-484B-966B-B09940A28458}"
EndProject
Project("{FAE04EC0-301F-11D3-BF4B-00C04F79EFBC}") = "Nuages.PubSub.Services.EntityFramework.InMemory.Tests", "Nuages.PubSub.Services.EntityFramework.InMemory.Tests\Nuages.PubSub.Services.EntityFramework.InMemory.Tests.csproj", "{E4203E95-551B-4D20-AE97-0AFC756D980E}"
EndProject
Global
	GlobalSection(SolutionConfigurationPlatforms) = preSolution
		Debug|Any CPU = Debug|Any CPU
		Release|Any CPU = Release|Any CPU
	EndGlobalSection
	GlobalSection(ProjectConfigurationPlatforms) = postSolution
		{71D52B82-5113-46EF-A8BA-64FE0B8A6ECC}.Debug|Any CPU.ActiveCfg = Debug|Any CPU
		{71D52B82-5113-46EF-A8BA-64FE0B8A6ECC}.Debug|Any CPU.Build.0 = Debug|Any CPU
		{71D52B82-5113-46EF-A8BA-64FE0B8A6ECC}.Release|Any CPU.ActiveCfg = Release|Any CPU
		{71D52B82-5113-46EF-A8BA-64FE0B8A6ECC}.Release|Any CPU.Build.0 = Release|Any CPU
		{B13D2D4B-4BA4-43B0-95FB-BBEE1052531C}.Debug|Any CPU.ActiveCfg = Debug|Any CPU
		{B13D2D4B-4BA4-43B0-95FB-BBEE1052531C}.Debug|Any CPU.Build.0 = Debug|Any CPU
		{B13D2D4B-4BA4-43B0-95FB-BBEE1052531C}.Release|Any CPU.ActiveCfg = Release|Any CPU
		{B13D2D4B-4BA4-43B0-95FB-BBEE1052531C}.Release|Any CPU.Build.0 = Release|Any CPU
		{61122EDB-AFF1-4A5B-A952-E895EEE86389}.Debug|Any CPU.ActiveCfg = Debug|Any CPU
		{61122EDB-AFF1-4A5B-A952-E895EEE86389}.Debug|Any CPU.Build.0 = Debug|Any CPU
		{61122EDB-AFF1-4A5B-A952-E895EEE86389}.Release|Any CPU.ActiveCfg = Release|Any CPU
		{61122EDB-AFF1-4A5B-A952-E895EEE86389}.Release|Any CPU.Build.0 = Release|Any CPU
		{5A95434B-C03C-4C61-9B80-5D30EDEDC63B}.Debug|Any CPU.ActiveCfg = Debug|Any CPU
		{5A95434B-C03C-4C61-9B80-5D30EDEDC63B}.Debug|Any CPU.Build.0 = Debug|Any CPU
		{5A95434B-C03C-4C61-9B80-5D30EDEDC63B}.Release|Any CPU.ActiveCfg = Release|Any CPU
		{5A95434B-C03C-4C61-9B80-5D30EDEDC63B}.Release|Any CPU.Build.0 = Release|Any CPU
		{95875A83-3EB7-480D-88CD-B7B08102A2CE}.Debug|Any CPU.ActiveCfg = Debug|Any CPU
		{95875A83-3EB7-480D-88CD-B7B08102A2CE}.Debug|Any CPU.Build.0 = Debug|Any CPU
		{95875A83-3EB7-480D-88CD-B7B08102A2CE}.Release|Any CPU.ActiveCfg = Release|Any CPU
		{95875A83-3EB7-480D-88CD-B7B08102A2CE}.Release|Any CPU.Build.0 = Release|Any CPU
		{5DF8F8E4-2E95-42DE-AC98-D29699A942F6}.Debug|Any CPU.ActiveCfg = Debug|Any CPU
		{5DF8F8E4-2E95-42DE-AC98-D29699A942F6}.Debug|Any CPU.Build.0 = Debug|Any CPU
		{5DF8F8E4-2E95-42DE-AC98-D29699A942F6}.Release|Any CPU.ActiveCfg = Release|Any CPU
		{5DF8F8E4-2E95-42DE-AC98-D29699A942F6}.Release|Any CPU.Build.0 = Release|Any CPU
		{F4413E7A-9225-4D7E-9242-1E28432635B9}.Debug|Any CPU.ActiveCfg = Debug|Any CPU
		{F4413E7A-9225-4D7E-9242-1E28432635B9}.Debug|Any CPU.Build.0 = Debug|Any CPU
		{F4413E7A-9225-4D7E-9242-1E28432635B9}.Release|Any CPU.ActiveCfg = Release|Any CPU
		{F4413E7A-9225-4D7E-9242-1E28432635B9}.Release|Any CPU.Build.0 = Release|Any CPU
		{505B99E3-BC2B-4A39-97CE-62510615954D}.Debug|Any CPU.ActiveCfg = Debug|Any CPU
		{505B99E3-BC2B-4A39-97CE-62510615954D}.Debug|Any CPU.Build.0 = Debug|Any CPU
		{505B99E3-BC2B-4A39-97CE-62510615954D}.Release|Any CPU.ActiveCfg = Release|Any CPU
		{505B99E3-BC2B-4A39-97CE-62510615954D}.Release|Any CPU.Build.0 = Release|Any CPU
		{136AA1C6-86A2-4FDC-85A7-DFF07CB3C7E9}.Debug|Any CPU.ActiveCfg = Debug|Any CPU
		{136AA1C6-86A2-4FDC-85A7-DFF07CB3C7E9}.Debug|Any CPU.Build.0 = Debug|Any CPU
		{136AA1C6-86A2-4FDC-85A7-DFF07CB3C7E9}.Release|Any CPU.ActiveCfg = Release|Any CPU
		{136AA1C6-86A2-4FDC-85A7-DFF07CB3C7E9}.Release|Any CPU.Build.0 = Release|Any CPU
		{276C0749-02AC-4FDD-8617-633A8807E1FB}.Debug|Any CPU.ActiveCfg = Debug|Any CPU
		{276C0749-02AC-4FDD-8617-633A8807E1FB}.Debug|Any CPU.Build.0 = Debug|Any CPU
		{276C0749-02AC-4FDD-8617-633A8807E1FB}.Release|Any CPU.ActiveCfg = Release|Any CPU
		{276C0749-02AC-4FDD-8617-633A8807E1FB}.Release|Any CPU.Build.0 = Release|Any CPU
		{31148DEB-5326-47F2-BFFD-C4E6CC64418E}.Debug|Any CPU.ActiveCfg = Debug|Any CPU
		{31148DEB-5326-47F2-BFFD-C4E6CC64418E}.Debug|Any CPU.Build.0 = Debug|Any CPU
		{31148DEB-5326-47F2-BFFD-C4E6CC64418E}.Release|Any CPU.ActiveCfg = Release|Any CPU
		{31148DEB-5326-47F2-BFFD-C4E6CC64418E}.Release|Any CPU.Build.0 = Release|Any CPU
		{D73B154E-4E33-4559-875B-E8A5D72A4CC3}.Debug|Any CPU.ActiveCfg = Debug|Any CPU
		{D73B154E-4E33-4559-875B-E8A5D72A4CC3}.Debug|Any CPU.Build.0 = Debug|Any CPU
		{D73B154E-4E33-4559-875B-E8A5D72A4CC3}.Release|Any CPU.ActiveCfg = Release|Any CPU
		{D73B154E-4E33-4559-875B-E8A5D72A4CC3}.Release|Any CPU.Build.0 = Release|Any CPU
		{C3691FF2-C35B-4566-98AD-8F9A600D2EAD}.Debug|Any CPU.ActiveCfg = Debug|Any CPU
		{C3691FF2-C35B-4566-98AD-8F9A600D2EAD}.Debug|Any CPU.Build.0 = Debug|Any CPU
		{C3691FF2-C35B-4566-98AD-8F9A600D2EAD}.Release|Any CPU.ActiveCfg = Release|Any CPU
		{C3691FF2-C35B-4566-98AD-8F9A600D2EAD}.Release|Any CPU.Build.0 = Release|Any CPU
		{F2AA5B71-79A4-4807-8E25-02ECE28FCDF3}.Debug|Any CPU.ActiveCfg = Debug|Any CPU
		{F2AA5B71-79A4-4807-8E25-02ECE28FCDF3}.Debug|Any CPU.Build.0 = Debug|Any CPU
		{F2AA5B71-79A4-4807-8E25-02ECE28FCDF3}.Release|Any CPU.ActiveCfg = Release|Any CPU
		{F2AA5B71-79A4-4807-8E25-02ECE28FCDF3}.Release|Any CPU.Build.0 = Release|Any CPU
		{7614C86E-6CEC-42DF-9CD3-43C006050183}.Debug|Any CPU.ActiveCfg = Debug|Any CPU
		{7614C86E-6CEC-42DF-9CD3-43C006050183}.Debug|Any CPU.Build.0 = Debug|Any CPU
		{7614C86E-6CEC-42DF-9CD3-43C006050183}.Release|Any CPU.ActiveCfg = Release|Any CPU
		{7614C86E-6CEC-42DF-9CD3-43C006050183}.Release|Any CPU.Build.0 = Release|Any CPU
		{523B5522-C121-4810-A30F-801C7B53E1B3}.Debug|Any CPU.ActiveCfg = Debug|Any CPU
		{523B5522-C121-4810-A30F-801C7B53E1B3}.Debug|Any CPU.Build.0 = Debug|Any CPU
		{523B5522-C121-4810-A30F-801C7B53E1B3}.Release|Any CPU.ActiveCfg = Release|Any CPU
		{523B5522-C121-4810-A30F-801C7B53E1B3}.Release|Any CPU.Build.0 = Release|Any CPU
		{E485F8C5-C655-4F3E-BEE1-A04F7CD6D038}.Debug|Any CPU.ActiveCfg = Debug|Any CPU
		{E485F8C5-C655-4F3E-BEE1-A04F7CD6D038}.Debug|Any CPU.Build.0 = Debug|Any CPU
		{E485F8C5-C655-4F3E-BEE1-A04F7CD6D038}.Release|Any CPU.ActiveCfg = Release|Any CPU
		{E485F8C5-C655-4F3E-BEE1-A04F7CD6D038}.Release|Any CPU.Build.0 = Release|Any CPU
		{939A0D45-5F64-4342-AE37-90269710FB82}.Debug|Any CPU.ActiveCfg = Debug|Any CPU
		{939A0D45-5F64-4342-AE37-90269710FB82}.Debug|Any CPU.Build.0 = Debug|Any CPU
		{939A0D45-5F64-4342-AE37-90269710FB82}.Release|Any CPU.ActiveCfg = Release|Any CPU
		{939A0D45-5F64-4342-AE37-90269710FB82}.Release|Any CPU.Build.0 = Release|Any CPU
		{76F93A04-B450-475F-B8FD-27759D81B503}.Debug|Any CPU.ActiveCfg = Debug|Any CPU
		{76F93A04-B450-475F-B8FD-27759D81B503}.Debug|Any CPU.Build.0 = Debug|Any CPU
		{76F93A04-B450-475F-B8FD-27759D81B503}.Release|Any CPU.ActiveCfg = Release|Any CPU
		{76F93A04-B450-475F-B8FD-27759D81B503}.Release|Any CPU.Build.0 = Release|Any CPU
		{9A3865AA-CB39-4DEB-8E9F-A55485F229FA}.Debug|Any CPU.ActiveCfg = Debug|Any CPU
		{9A3865AA-CB39-4DEB-8E9F-A55485F229FA}.Debug|Any CPU.Build.0 = Debug|Any CPU
		{9A3865AA-CB39-4DEB-8E9F-A55485F229FA}.Release|Any CPU.ActiveCfg = Release|Any CPU
		{9A3865AA-CB39-4DEB-8E9F-A55485F229FA}.Release|Any CPU.Build.0 = Release|Any CPU
		{EAA67DCF-F537-4587-ADC5-84E2012A5336}.Debug|Any CPU.ActiveCfg = Debug|Any CPU
		{EAA67DCF-F537-4587-ADC5-84E2012A5336}.Debug|Any CPU.Build.0 = Debug|Any CPU
		{EAA67DCF-F537-4587-ADC5-84E2012A5336}.Release|Any CPU.ActiveCfg = Release|Any CPU
		{EAA67DCF-F537-4587-ADC5-84E2012A5336}.Release|Any CPU.Build.0 = Release|Any CPU
		{9C0AFA8B-4799-4A17-AAD7-CD3D1480611C}.Debug|Any CPU.ActiveCfg = Debug|Any CPU
		{9C0AFA8B-4799-4A17-AAD7-CD3D1480611C}.Debug|Any CPU.Build.0 = Debug|Any CPU
		{9C0AFA8B-4799-4A17-AAD7-CD3D1480611C}.Release|Any CPU.ActiveCfg = Release|Any CPU
		{9C0AFA8B-4799-4A17-AAD7-CD3D1480611C}.Release|Any CPU.Build.0 = Release|Any CPU
		{4800565E-6320-42FA-B01F-F50C2CEA6B46}.Debug|Any CPU.ActiveCfg = Debug|Any CPU
		{4800565E-6320-42FA-B01F-F50C2CEA6B46}.Debug|Any CPU.Build.0 = Debug|Any CPU
		{4800565E-6320-42FA-B01F-F50C2CEA6B46}.Release|Any CPU.ActiveCfg = Release|Any CPU
		{4800565E-6320-42FA-B01F-F50C2CEA6B46}.Release|Any CPU.Build.0 = Release|Any CPU
		{904C0FCD-9579-4D87-BE1F-D0AD0F9D2FD6}.Debug|Any CPU.ActiveCfg = Debug|Any CPU
		{904C0FCD-9579-4D87-BE1F-D0AD0F9D2FD6}.Debug|Any CPU.Build.0 = Debug|Any CPU
		{904C0FCD-9579-4D87-BE1F-D0AD0F9D2FD6}.Release|Any CPU.ActiveCfg = Release|Any CPU
		{904C0FCD-9579-4D87-BE1F-D0AD0F9D2FD6}.Release|Any CPU.Build.0 = Release|Any CPU
		{7FE78D00-E589-40EB-B2A3-D28D314F4ED8}.Debug|Any CPU.ActiveCfg = Debug|Any CPU
		{7FE78D00-E589-40EB-B2A3-D28D314F4ED8}.Debug|Any CPU.Build.0 = Debug|Any CPU
		{7FE78D00-E589-40EB-B2A3-D28D314F4ED8}.Release|Any CPU.ActiveCfg = Release|Any CPU
		{7FE78D00-E589-40EB-B2A3-D28D314F4ED8}.Release|Any CPU.Build.0 = Release|Any CPU
		{E22B4E9B-D89D-484B-966B-B09940A28458}.Debug|Any CPU.ActiveCfg = Debug|Any CPU
		{E22B4E9B-D89D-484B-966B-B09940A28458}.Debug|Any CPU.Build.0 = Debug|Any CPU
		{E22B4E9B-D89D-484B-966B-B09940A28458}.Release|Any CPU.ActiveCfg = Release|Any CPU
		{E22B4E9B-D89D-484B-966B-B09940A28458}.Release|Any CPU.Build.0 = Release|Any CPU
		{E4203E95-551B-4D20-AE97-0AFC756D980E}.Debug|Any CPU.ActiveCfg = Debug|Any CPU
		{E4203E95-551B-4D20-AE97-0AFC756D980E}.Debug|Any CPU.Build.0 = Debug|Any CPU
		{E4203E95-551B-4D20-AE97-0AFC756D980E}.Release|Any CPU.ActiveCfg = Release|Any CPU
		{E4203E95-551B-4D20-AE97-0AFC756D980E}.Release|Any CPU.Build.0 = Release|Any CPU
	EndGlobalSection
	GlobalSection(NestedProjects) = preSolution
		{B13D2D4B-4BA4-43B0-95FB-BBEE1052531C} = {A0AB3C7E-15A9-4DEC-BCEF-0D2720BECE61}
		{61122EDB-AFF1-4A5B-A952-E895EEE86389} = {5F8FC58F-1215-4549-ACFC-BF4CFBC0ABA3}
		{5A95434B-C03C-4C61-9B80-5D30EDEDC63B} = {A0AB3C7E-15A9-4DEC-BCEF-0D2720BECE61}
		{95875A83-3EB7-480D-88CD-B7B08102A2CE} = {5F8FC58F-1215-4549-ACFC-BF4CFBC0ABA3}
		{F4413E7A-9225-4D7E-9242-1E28432635B9} = {A0AB3C7E-15A9-4DEC-BCEF-0D2720BECE61}
		{505B99E3-BC2B-4A39-97CE-62510615954D} = {A0AB3C7E-15A9-4DEC-BCEF-0D2720BECE61}
		{31148DEB-5326-47F2-BFFD-C4E6CC64418E} = {6C86B919-4480-4403-BB2B-00C0E1D36A78}
		{D73B154E-4E33-4559-875B-E8A5D72A4CC3} = {6C86B919-4480-4403-BB2B-00C0E1D36A78}
		{7614C86E-6CEC-42DF-9CD3-43C006050183} = {6C86B919-4480-4403-BB2B-00C0E1D36A78}
		{71D52B82-5113-46EF-A8BA-64FE0B8A6ECC} = {6B4CBFA5-AFAC-4B5A-85C2-6F1A576F0F12}
		{5DF8F8E4-2E95-42DE-AC98-D29699A942F6} = {6B4CBFA5-AFAC-4B5A-85C2-6F1A576F0F12}
		{F2AA5B71-79A4-4807-8E25-02ECE28FCDF3} = {6C86B919-4480-4403-BB2B-00C0E1D36A78}
		{136AA1C6-86A2-4FDC-85A7-DFF07CB3C7E9} = {6B4CBFA5-AFAC-4B5A-85C2-6F1A576F0F12}
		{523B5522-C121-4810-A30F-801C7B53E1B3} = {A0AB3C7E-15A9-4DEC-BCEF-0D2720BECE61}
		{E485F8C5-C655-4F3E-BEE1-A04F7CD6D038} = {A0AB3C7E-15A9-4DEC-BCEF-0D2720BECE61}
		{939A0D45-5F64-4342-AE37-90269710FB82} = {5F8FC58F-1215-4549-ACFC-BF4CFBC0ABA3}
		{76F93A04-B450-475F-B8FD-27759D81B503} = {A0AB3C7E-15A9-4DEC-BCEF-0D2720BECE61}
		{9A3865AA-CB39-4DEB-8E9F-A55485F229FA} = {A0AB3C7E-15A9-4DEC-BCEF-0D2720BECE61}
		{EAA67DCF-F537-4587-ADC5-84E2012A5336} = {A0AB3C7E-15A9-4DEC-BCEF-0D2720BECE61}
		{9C0AFA8B-4799-4A17-AAD7-CD3D1480611C} = {A0AB3C7E-15A9-4DEC-BCEF-0D2720BECE61}
		{4800565E-6320-42FA-B01F-F50C2CEA6B46} = {5F8FC58F-1215-4549-ACFC-BF4CFBC0ABA3}
		{904C0FCD-9579-4D87-BE1F-D0AD0F9D2FD6} = {A0AB3C7E-15A9-4DEC-BCEF-0D2720BECE61}
		{7FE78D00-E589-40EB-B2A3-D28D314F4ED8} = {A0AB3C7E-15A9-4DEC-BCEF-0D2720BECE61}
		{E22B4E9B-D89D-484B-966B-B09940A28458} = {5F8FC58F-1215-4549-ACFC-BF4CFBC0ABA3}
		{E4203E95-551B-4D20-AE97-0AFC756D980E} = {5F8FC58F-1215-4549-ACFC-BF4CFBC0ABA3}
	EndGlobalSection
EndGlobal
